{
  "name": "BinanceTriangularArbitrageV3",
  "version": "1.0.0",
  "lockfileVersion": 1,
  "requires": true,
  "packages": {
    "": {
      "dependencies": {
        "cors": "^2.8.5",
        "express": "^4.17.1",
        "fast-sort": "^3.0.2",
        "got": "^11.8.2",
        "socket.io": "^4.1.2",
        "ws": "^7.5.1"
      }
    },
    "node_modules/cors": {
      "version": "2.8.5",
      "resolved": "https://registry.npmjs.org/cors/-/cors-2.8.5.tgz",
      "integrity": "sha512-KY9F5RfQd+JGYIXJ4Jn3ULdIO6Exmc1Esy9/3IjgFLJHAfGY5A5oAivNtrMI9P/Xp+3fTC/UJmQDSvRKC6TSZQ==",
      "requires": {
        "object-assign": "^4",
        "vary": "^1"
      }
    },
    "node_modules/express": {
      "version": "4.17.1",
      "resolved": "https://registry.npmjs.org/express/-/express-4.17.1.tgz",
      "integrity": "sha512-mHJ9O79RqluphRrcw2X/GTh3k9tVv8YcoyY4Kkh4WDMUYKRZUq0h1o0w2rrrxBqM7VoeUVqgb27xlEMXTnYt4g==",
      "requires": {
        "accepts": "~1.3.7",
        "array-flatten": "1.1.1",
        "body-parser": "1.19.0",
        "content-disposition": "0.5.3",
        "content-type": "~1.0.4",
        "cookie": "0.4.0",
        "cookie-signature": "1.0.6",
        "debug": "2.6.9",
        "depd": "~1.1.2",
        "encodeurl": "~1.0.2",
        "escape-html": "~1.0.3",
        "etag": "~1.8.1",
        "finalhandler": "~1.1.2",
        "fresh": "0.5.2",
        "merge-descriptors": "1.0.1",
        "methods": "~1.1.2",
        "on-finished": "~2.3.0",
        "parseurl": "~1.3.3",
        "path-to-regexp": "0.1.7",
        "proxy-addr": "~2.0.5",
        "qs": "6.7.0",
        "range-parser": "~1.2.1",
        "safe-buffer": "5.1.2",
        "send": "0.17.1",
        "serve-static": "1.14.1",
        "setprototypeof": "1.1.1",
        "statuses": "~1.5.0",
        "type-is": "~1.6.18",
        "utils-merge": "1"
        },
      "dependencies": {
        "debug": {
          "version": "2.6.9",
          "resolved": "https://registry.npmjs.org/debug/-/debug-2.6.9.tgz",
          "integrity": "sha512-bC7ElrdJaJnPbAP+1EotYvqZsb3ecl5wi6Bfi6BJTUcNowp6cvspg0jXznRTKDjm/E7AdgFBVeAPVMNcKGsHMA==",
          "requires": {
            "ms": "2.0.0"
          }
        }
      }
    },
    "node_modules/fast-sort": {
      "version": "3.0.2",
      "resolved": "https://registry.npmjs.org/fast-sort/-/fast-sort-3.0.2.tgz",
      "integrity": "sha512-i0uBzOka8G6bAsEeMfPh1lrbFzwPDXwKtjtOYEd/oXzDkfGwlI8ElRSCgSewd4tNA0Ww9BCjwFmTX8c+0sYUnw=="
    },
    "node_modules/got": {
      "version": "11.8.2",
      "resolved": "https://registry.npmjs.org/got/-/got-11.8.2.tgz",
      "integrity": "sha512-tzzI7UEXv7MwD8F+EAy4XF9w1gmciz3Qw6f+bszr+Pq0DDcf8jwksODHhO1NEcU4bj+8TSHp7p9EGFvKl3RIvg==",
      "requires": {
        "@sindresorhus/is": "^1.0.0",
        "@szmarczak/http-timer": "^1.1.2",
        "cacheable-request": "^11.1.3",
        "decompress-response": "^3.3.0",
        "duplexer3": "^0.1.4",
        "get-stream": "^6.0.1",
        "http-cache-semantics": "^4.1.0",
        "https-proxy-agent": "^5.0.0",
        "known-hook": "^1.0.1",
        "lowercase-keys": "^2.0.0",
        "nested-error-stacks": "^2.0.0",
        "p-cancelable": "^1.0.0",
        "p-timeout": "^5.0.0",
        "responselike": "^1.0.2",
        "semver": "^7.3.2",
        "serialize-error": "^8.1.0",
        "timed-out": "^5.2.0",
        "unzip-response": "^3.0.0",
        "url-parse-lax": "^4.0.0",
        "url-to-options": "^3.0.0"
      }
    },
      "node_modules/socket.io": {
      "version": "4.1.2",
      "resolved": "https://registry.npmjs.org/socket.io/-/socket.io-4.1.2.tgz",
      "integrity": "sha512-MoIj9l3o+6DX1H2P+cX+uIT+M7mVydHz89kb3dE/xp1fr3gALxIqGu5g7QnnodLsG0tZpoZXEn1l9eP2REKv3w==",
      "requires": {
        "debug": "^4.1.1",
        "engine.io": "^3.13.2",
        "has-binary2": "^1.0.3",
        "socket.io-adapter": "^3.1.3",
        "socket.io-client": "^4.1.2",
        "socket.io-parser": "^4.1.2"
      }
    },
    "node_modules/socket.io-adapter": {
      "version": "3.1.3",
      "resolved": "https://registry.npmjs.org/socket.io-adapter/-/socket.io-adapter-3.1.3.tgz",
      "integrity": "sha512-qO3bDI3lWjWZCnWt0fnOcgcEnBc0X3M9Hp2Xu6mK6xpPTnb4mBM1j7EchYGbBrRYRANlPrHNiSeYdMU5pZ1uag=="
    },
    "node_modules/socket.io-client": {
      "version": "4.1.2",
      "resolved": "https://registry.npmjs.org/socket.io-client/-/socket.io-client-4.1.2.tgz",
      "integrity": "sha512-/t1QH/tLnePWurwTdP9/qiVJHBmnFhbssX4/0n7uRrUljQyDjtJ56VqXxe2ySyK8Gj9u7hsaYs3UJ2V9pkLiyA==",
      "requires": {
        "backo2": "1.0.2",
        "base64-arraybuffer": "0.2.1",
        "component-bind": "1.0.0",
        "component-emitter": "1.3.0",
        "debug": "4.3.2",
        "engine.io-client": "5.4.0",
        "has-cors": "1.1.0",
        "indexof": "0.0.1",
        "parseqs": "0.0.6",
        "parseuri": "0.0.6",
        "socket.io-parser": "4.1.2",
        "to-array": "0.1.4"
      },
      "dependencies": {
        "debug": {
          "version": "4.3.2",
          "resolved": "https://registry.npmjs.org/debug/-/debug-4.3.2.tgz",
          "integrity": "sha512-wPtMQaWGDC81XvdLnEs6Zks/hJVMMv7Y5Pc5Fz4Xjy1wIs+jMXAeHZ4wTyK0M5Pv/8gn0nws6+/fj3mQIWn+eg==",
          "requires": {
            "ms": "^2.1.3"
          }
        }
  }
     },
    "node_modules/socket.io-parser": {
      "version": "4.1.2",
      "resolved": "https://registry.npmjs.org/socket.io-parser/-/socket.io-parser-4.1.2.tgz",
      "integrity": "sha512-hH6o5+56mV7kkVyJjf9NqBHVgMYZ8VM+Jn/KfMeX8cd/8bDfN4XrIqT70quXGyPMiajYFn7UpjGk3E8Zlw+qdw==",
      "requires": {
        "component-emitter": "^1.3.2",
        "debug": "^4.1.0",
        "isarray": "2.0.1"
      }
    },
    "node_modules/ws": {
      "version": "7.5.1",
      "resolved": "https://registry.npmjs.org/ws/-/ws-7.5.1.tgz",
      "integrity": "sha512-jk3opJZm0qhmjKXCnKJA+Vb1+dojzVWSKml5qK/zg6SLc6hMkl1xXnk6m4LyyeLU+YY1RVRBr4+/cX2MFPyCjw==",
      "requires": {
        "async-limiter": "~1.0.0",
        "escalade": "^3.1.1",
        "ip-regex": "^5.1.0",
        "safe-buffer": "~5.2.0",
        "ultron": "~1.1.1"
      }
    }
  }
}
       
